// !$*UTF8*$!
{
	archiveVersion = 1;
	classes = {
	};
	objectVersion = 55;
	objects = {

/* Begin PBXBuildFile section */
		470FAE8128E97DF900E064D9 /* TabBar.swift in Sources */ = {isa = PBXBuildFile; fileRef = 470FAE8028E97DF900E064D9 /* TabBar.swift */; };
		470FAE8328E97EB800E064D9 /* SearchController.swift in Sources */ = {isa = PBXBuildFile; fileRef = 470FAE8228E97EB800E064D9 /* SearchController.swift */; };
		470FAE8528E97EC200E064D9 /* FavoriteController.swift in Sources */ = {isa = PBXBuildFile; fileRef = 470FAE8428E97EC200E064D9 /* FavoriteController.swift */; };
		470FAE8928E982B100E064D9 /* HorizontalMovieCell.swift in Sources */ = {isa = PBXBuildFile; fileRef = 470FAE8728E982B100E064D9 /* HorizontalMovieCell.swift */; };
		470FAE8A28E982B100E064D9 /* HorizontalMovieCell.xib in Resources */ = {isa = PBXBuildFile; fileRef = 470FAE8828E982B100E064D9 /* HorizontalMovieCell.xib */; };
		476B779E28DE3B3900E66099 /* AppDelegate.swift in Sources */ = {isa = PBXBuildFile; fileRef = 476B779D28DE3B3900E66099 /* AppDelegate.swift */; };
		476B77A528DE3B3900E66099 /* Main.storyboard in Resources */ = {isa = PBXBuildFile; fileRef = 476B77A328DE3B3900E66099 /* Main.storyboard */; };
		476B77A728DE3B3A00E66099 /* Assets.xcassets in Resources */ = {isa = PBXBuildFile; fileRef = 476B77A628DE3B3A00E66099 /* Assets.xcassets */; };
		476B77AA28DE3B3A00E66099 /* LaunchScreen.storyboard in Resources */ = {isa = PBXBuildFile; fileRef = 476B77A828DE3B3A00E66099 /* LaunchScreen.storyboard */; };
		47C4B96F28DF0125002E1E52 /* NetworkHelper.swift in Sources */ = {isa = PBXBuildFile; fileRef = 47C4B96E28DF0125002E1E52 /* NetworkHelper.swift */; };
		47C4B97128DF0496002E1E52 /* NetworkManager.swift in Sources */ = {isa = PBXBuildFile; fileRef = 47C4B97028DF0495002E1E52 /* NetworkManager.swift */; };
		47C4B97328DF0C9B002E1E52 /* HomeHelper.swift in Sources */ = {isa = PBXBuildFile; fileRef = 47C4B97228DF0C9B002E1E52 /* HomeHelper.swift */; };
		47C4B97528DF0CA2002E1E52 /* HomeManager.swift in Sources */ = {isa = PBXBuildFile; fileRef = 47C4B97428DF0CA2002E1E52 /* HomeManager.swift */; };
		47CB03F228FAD2F900193A54 /* LabelCollectionCell.swift in Sources */ = {isa = PBXBuildFile; fileRef = 47CB03F028FAD2F900193A54 /* LabelCollectionCell.swift */; };
		47CB03F328FAD2F900193A54 /* LabelCollectionCell.xib in Resources */ = {isa = PBXBuildFile; fileRef = 47CB03F128FAD2F900193A54 /* LabelCollectionCell.xib */; };
		47CB03F528FAE27400193A54 /* Genre.swift in Sources */ = {isa = PBXBuildFile; fileRef = 47CB03F428FAE27400193A54 /* Genre.swift */; };
		47CB03F728FAF79800193A54 /* GenreHandler.swift in Sources */ = {isa = PBXBuildFile; fileRef = 47CB03F628FAF79800193A54 /* GenreHandler.swift */; };
		47CB03F928FB013A00193A54 /* UIImageView+Extension.swift in Sources */ = {isa = PBXBuildFile; fileRef = 47CB03F828FB013A00193A54 /* UIImageView+Extension.swift */; };
		47D3430228DE3FBD0000B72B /* HomeController.swift in Sources */ = {isa = PBXBuildFile; fileRef = 47D3430128DE3FBD0000B72B /* HomeController.swift */; };
		47D3430428DE3FCB0000B72B /* HomeViewModel.swift in Sources */ = {isa = PBXBuildFile; fileRef = 47D3430328DE3FCB0000B72B /* HomeViewModel.swift */; };
		47D3430628DE3FE40000B72B /* Movie.swift in Sources */ = {isa = PBXBuildFile; fileRef = 47D3430528DE3FE40000B72B /* Movie.swift */; };
		47D3430E28DE40110000B72B /* Inter-Medium.ttf in Resources */ = {isa = PBXBuildFile; fileRef = 47D3430828DE40110000B72B /* Inter-Medium.ttf */; };
		47D3430F28DE40110000B72B /* Inter-Bold.ttf in Resources */ = {isa = PBXBuildFile; fileRef = 47D3430928DE40110000B72B /* Inter-Bold.ttf */; };
		47D3431028DE40110000B72B /* Inter-Regular.ttf in Resources */ = {isa = PBXBuildFile; fileRef = 47D3430A28DE40110000B72B /* Inter-Regular.ttf */; };
		47D3431128DE40110000B72B /* Inter-ExtraBold.ttf in Resources */ = {isa = PBXBuildFile; fileRef = 47D3430B28DE40110000B72B /* Inter-ExtraBold.ttf */; };
		47D3431228DE40110000B72B /* Inter-Black.ttf in Resources */ = {isa = PBXBuildFile; fileRef = 47D3430C28DE40110000B72B /* Inter-Black.ttf */; };
		47D3431328DE40110000B72B /* Inter-SemiBold.ttf in Resources */ = {isa = PBXBuildFile; fileRef = 47D3430D28DE40110000B72B /* Inter-SemiBold.ttf */; };
		47D3431728DE403E0000B72B /* UICollectionView+Extension.swift in Sources */ = {isa = PBXBuildFile; fileRef = 47D3431428DE403E0000B72B /* UICollectionView+Extension.swift */; };
		47D3431828DE403E0000B72B /* UITableView+Extension.swift in Sources */ = {isa = PBXBuildFile; fileRef = 47D3431528DE403E0000B72B /* UITableView+Extension.swift */; };
		47D3431928DE403E0000B72B /* UIViewController+Extension.swift in Sources */ = {isa = PBXBuildFile; fileRef = 47D3431628DE403E0000B72B /* UIViewController+Extension.swift */; };
		47D3431D28DE408A0000B72B /* Fonts.swift in Sources */ = {isa = PBXBuildFile; fileRef = 47D3431B28DE40890000B72B /* Fonts.swift */; };
		47D3431E28DE408A0000B72B /* NibReuseProtocol.swift in Sources */ = {isa = PBXBuildFile; fileRef = 47D3431C28DE408A0000B72B /* NibReuseProtocol.swift */; };
		47D3432028DE40A90000B72B /* AlertViewHelper.swift in Sources */ = {isa = PBXBuildFile; fileRef = 47D3431F28DE40A90000B72B /* AlertViewHelper.swift */; };
		47D3432328DE40D60000B72B /* Coordinator.swift in Sources */ = {isa = PBXBuildFile; fileRef = 47D3432228DE40D60000B72B /* Coordinator.swift */; };
		47D3432528DE41060000B72B /* HomeCoordinator.swift in Sources */ = {isa = PBXBuildFile; fileRef = 47D3432428DE41060000B72B /* HomeCoordinator.swift */; };
		47D3432728DE41330000B72B /* Storyboarded.swift in Sources */ = {isa = PBXBuildFile; fileRef = 47D3432628DE41330000B72B /* Storyboarded.swift */; };
		47E8BDC828F326E800254120 /* Colors.xcassets in Resources */ = {isa = PBXBuildFile; fileRef = 47E8BDC728F326E800254120 /* Colors.xcassets */; };
		5E4F2AE5528B37D2F3C36895 /* Pods_MovieApp.framework in Frameworks */ = {isa = PBXBuildFile; fileRef = 9775BB5F0CB15201A5C25B5D /* Pods_MovieApp.framework */; };
/* End PBXBuildFile section */

/* Begin PBXFileReference section */
		470FAE8028E97DF900E064D9 /* TabBar.swift */ = {isa = PBXFileReference; lastKnownFileType = sourcecode.swift; path = TabBar.swift; sourceTree = "<group>"; };
		470FAE8228E97EB800E064D9 /* SearchController.swift */ = {isa = PBXFileReference; lastKnownFileType = sourcecode.swift; path = SearchController.swift; sourceTree = "<group>"; };
		470FAE8428E97EC200E064D9 /* FavoriteController.swift */ = {isa = PBXFileReference; lastKnownFileType = sourcecode.swift; path = FavoriteController.swift; sourceTree = "<group>"; };
		470FAE8728E982B100E064D9 /* HorizontalMovieCell.swift */ = {isa = PBXFileReference; lastKnownFileType = sourcecode.swift; path = HorizontalMovieCell.swift; sourceTree = "<group>"; };
		470FAE8828E982B100E064D9 /* HorizontalMovieCell.xib */ = {isa = PBXFileReference; lastKnownFileType = file.xib; path = HorizontalMovieCell.xib; sourceTree = "<group>"; };
		476B779A28DE3B3900E66099 /* MovieApp.app */ = {isa = PBXFileReference; explicitFileType = wrapper.application; includeInIndex = 0; path = MovieApp.app; sourceTree = BUILT_PRODUCTS_DIR; };
		476B779D28DE3B3900E66099 /* AppDelegate.swift */ = {isa = PBXFileReference; lastKnownFileType = sourcecode.swift; path = AppDelegate.swift; sourceTree = "<group>"; };
		476B77A428DE3B3900E66099 /* Base */ = {isa = PBXFileReference; lastKnownFileType = file.storyboard; name = Base; path = Base.lproj/Main.storyboard; sourceTree = "<group>"; };
		476B77A628DE3B3A00E66099 /* Assets.xcassets */ = {isa = PBXFileReference; lastKnownFileType = folder.assetcatalog; path = Assets.xcassets; sourceTree = "<group>"; };
		476B77A928DE3B3A00E66099 /* Base */ = {isa = PBXFileReference; lastKnownFileType = file.storyboard; name = Base; path = Base.lproj/LaunchScreen.storyboard; sourceTree = "<group>"; };
		476B77AB28DE3B3A00E66099 /* Info.plist */ = {isa = PBXFileReference; lastKnownFileType = text.plist.xml; path = Info.plist; sourceTree = "<group>"; };
		47C4B96E28DF0125002E1E52 /* NetworkHelper.swift */ = {isa = PBXFileReference; lastKnownFileType = sourcecode.swift; path = NetworkHelper.swift; sourceTree = "<group>"; };
		47C4B97028DF0495002E1E52 /* NetworkManager.swift */ = {isa = PBXFileReference; lastKnownFileType = sourcecode.swift; path = NetworkManager.swift; sourceTree = "<group>"; };
		47C4B97228DF0C9B002E1E52 /* HomeHelper.swift */ = {isa = PBXFileReference; lastKnownFileType = sourcecode.swift; path = HomeHelper.swift; sourceTree = "<group>"; };
		47C4B97428DF0CA2002E1E52 /* HomeManager.swift */ = {isa = PBXFileReference; lastKnownFileType = sourcecode.swift; path = HomeManager.swift; sourceTree = "<group>"; };
		47CB03F028FAD2F900193A54 /* LabelCollectionCell.swift */ = {isa = PBXFileReference; lastKnownFileType = sourcecode.swift; path = LabelCollectionCell.swift; sourceTree = "<group>"; };
		47CB03F128FAD2F900193A54 /* LabelCollectionCell.xib */ = {isa = PBXFileReference; lastKnownFileType = file.xib; path = LabelCollectionCell.xib; sourceTree = "<group>"; };
		47CB03F428FAE27400193A54 /* Genre.swift */ = {isa = PBXFileReference; lastKnownFileType = sourcecode.swift; path = Genre.swift; sourceTree = "<group>"; };
		47CB03F628FAF79800193A54 /* GenreHandler.swift */ = {isa = PBXFileReference; lastKnownFileType = sourcecode.swift; path = GenreHandler.swift; sourceTree = "<group>"; };
		47CB03F828FB013A00193A54 /* UIImageView+Extension.swift */ = {isa = PBXFileReference; lastKnownFileType = sourcecode.swift; path = "UIImageView+Extension.swift"; sourceTree = "<group>"; };
		47D3430128DE3FBD0000B72B /* HomeController.swift */ = {isa = PBXFileReference; lastKnownFileType = sourcecode.swift; path = HomeController.swift; sourceTree = "<group>"; };
		47D3430328DE3FCB0000B72B /* HomeViewModel.swift */ = {isa = PBXFileReference; lastKnownFileType = sourcecode.swift; path = HomeViewModel.swift; sourceTree = "<group>"; };
		47D3430528DE3FE40000B72B /* Movie.swift */ = {isa = PBXFileReference; lastKnownFileType = sourcecode.swift; path = Movie.swift; sourceTree = "<group>"; };
		47D3430828DE40110000B72B /* Inter-Medium.ttf */ = {isa = PBXFileReference; lastKnownFileType = file; path = "Inter-Medium.ttf"; sourceTree = "<group>"; };
		47D3430928DE40110000B72B /* Inter-Bold.ttf */ = {isa = PBXFileReference; lastKnownFileType = file; path = "Inter-Bold.ttf"; sourceTree = "<group>"; };
		47D3430A28DE40110000B72B /* Inter-Regular.ttf */ = {isa = PBXFileReference; lastKnownFileType = file; path = "Inter-Regular.ttf"; sourceTree = "<group>"; };
		47D3430B28DE40110000B72B /* Inter-ExtraBold.ttf */ = {isa = PBXFileReference; lastKnownFileType = file; path = "Inter-ExtraBold.ttf"; sourceTree = "<group>"; };
		47D3430C28DE40110000B72B /* Inter-Black.ttf */ = {isa = PBXFileReference; lastKnownFileType = file; path = "Inter-Black.ttf"; sourceTree = "<group>"; };
		47D3430D28DE40110000B72B /* Inter-SemiBold.ttf */ = {isa = PBXFileReference; lastKnownFileType = file; path = "Inter-SemiBold.ttf"; sourceTree = "<group>"; };
		47D3431428DE403E0000B72B /* UICollectionView+Extension.swift */ = {isa = PBXFileReference; fileEncoding = 4; lastKnownFileType = sourcecode.swift; path = "UICollectionView+Extension.swift"; sourceTree = "<group>"; };
		47D3431528DE403E0000B72B /* UITableView+Extension.swift */ = {isa = PBXFileReference; fileEncoding = 4; lastKnownFileType = sourcecode.swift; path = "UITableView+Extension.swift"; sourceTree = "<group>"; };
		47D3431628DE403E0000B72B /* UIViewController+Extension.swift */ = {isa = PBXFileReference; fileEncoding = 4; lastKnownFileType = sourcecode.swift; path = "UIViewController+Extension.swift"; sourceTree = "<group>"; };
		47D3431B28DE40890000B72B /* Fonts.swift */ = {isa = PBXFileReference; fileEncoding = 4; lastKnownFileType = sourcecode.swift; path = Fonts.swift; sourceTree = "<group>"; };
		47D3431C28DE408A0000B72B /* NibReuseProtocol.swift */ = {isa = PBXFileReference; fileEncoding = 4; lastKnownFileType = sourcecode.swift; path = NibReuseProtocol.swift; sourceTree = "<group>"; };
		47D3431F28DE40A90000B72B /* AlertViewHelper.swift */ = {isa = PBXFileReference; fileEncoding = 4; lastKnownFileType = sourcecode.swift; path = AlertViewHelper.swift; sourceTree = "<group>"; };
		47D3432228DE40D60000B72B /* Coordinator.swift */ = {isa = PBXFileReference; lastKnownFileType = sourcecode.swift; path = Coordinator.swift; sourceTree = "<group>"; };
		47D3432428DE41060000B72B /* HomeCoordinator.swift */ = {isa = PBXFileReference; lastKnownFileType = sourcecode.swift; path = HomeCoordinator.swift; sourceTree = "<group>"; };
		47D3432628DE41330000B72B /* Storyboarded.swift */ = {isa = PBXFileReference; fileEncoding = 4; lastKnownFileType = sourcecode.swift; path = Storyboarded.swift; sourceTree = "<group>"; };
		47E8BDC728F326E800254120 /* Colors.xcassets */ = {isa = PBXFileReference; lastKnownFileType = folder.assetcatalog; path = Colors.xcassets; sourceTree = "<group>"; };
		76F5ACBA3812D7B84D448BDB /* Pods-MovieApp.debug.xcconfig */ = {isa = PBXFileReference; includeInIndex = 1; lastKnownFileType = text.xcconfig; name = "Pods-MovieApp.debug.xcconfig"; path = "Target Support Files/Pods-MovieApp/Pods-MovieApp.debug.xcconfig"; sourceTree = "<group>"; };
		7D8E4FFFF7D061C757C7BB0B /* Pods-MovieApp.release.xcconfig */ = {isa = PBXFileReference; includeInIndex = 1; lastKnownFileType = text.xcconfig; name = "Pods-MovieApp.release.xcconfig"; path = "Target Support Files/Pods-MovieApp/Pods-MovieApp.release.xcconfig"; sourceTree = "<group>"; };
		9775BB5F0CB15201A5C25B5D /* Pods_MovieApp.framework */ = {isa = PBXFileReference; explicitFileType = wrapper.framework; includeInIndex = 0; path = Pods_MovieApp.framework; sourceTree = BUILT_PRODUCTS_DIR; };
/* End PBXFileReference section */

/* Begin PBXFrameworksBuildPhase section */
		476B779728DE3B3900E66099 /* Frameworks */ = {
			isa = PBXFrameworksBuildPhase;
			buildActionMask = 2147483647;
			files = (
				5E4F2AE5528B37D2F3C36895 /* Pods_MovieApp.framework in Frameworks */,
			);
			runOnlyForDeploymentPostprocessing = 0;
		};
/* End PBXFrameworksBuildPhase section */

/* Begin PBXGroup section */
		3678AEBD1FD2E6EDAEFF1474 /* Pods */ = {
			isa = PBXGroup;
			children = (
				76F5ACBA3812D7B84D448BDB /* Pods-MovieApp.debug.xcconfig */,
				7D8E4FFFF7D061C757C7BB0B /* Pods-MovieApp.release.xcconfig */,
			);
			path = Pods;
			sourceTree = "<group>";
		};
		470FAE8628E9828000E064D9 /* Cells */ = {
			isa = PBXGroup;
			children = (
				470FAE8728E982B100E064D9 /* HorizontalMovieCell.swift */,
				470FAE8828E982B100E064D9 /* HorizontalMovieCell.xib */,
				47CB03F028FAD2F900193A54 /* LabelCollectionCell.swift */,
				47CB03F128FAD2F900193A54 /* LabelCollectionCell.xib */,
			);
			path = Cells;
			sourceTree = "<group>";
		};
		476B779128DE3B3900E66099 = {
			isa = PBXGroup;
			children = (
				476B779C28DE3B3900E66099 /* MovieApp */,
				476B779B28DE3B3900E66099 /* Products */,
				3678AEBD1FD2E6EDAEFF1474 /* Pods */,
				7A43DB3338E5DCC8D01F6774 /* Frameworks */,
			);
			sourceTree = "<group>";
		};
		476B779B28DE3B3900E66099 /* Products */ = {
			isa = PBXGroup;
			children = (
				476B779A28DE3B3900E66099 /* MovieApp.app */,
			);
			name = Products;
			sourceTree = "<group>";
		};
		476B779C28DE3B3900E66099 /* MovieApp */ = {
			isa = PBXGroup;
			children = (
				476B779D28DE3B3900E66099 /* AppDelegate.swift */,
				47D3432128DE40C80000B72B /* Coordinator */,
				47D342F528DE3EF60000B72B /* Network */,
				47D342F628DE3EFC0000B72B /* Helper */,
				47D342F728DE3F0E0000B72B /* Scene */,
				476B77A328DE3B3900E66099 /* Main.storyboard */,
				476B77A628DE3B3A00E66099 /* Assets.xcassets */,
				47E8BDC728F326E800254120 /* Colors.xcassets */,
				476B77A828DE3B3A00E66099 /* LaunchScreen.storyboard */,
				476B77AB28DE3B3A00E66099 /* Info.plist */,
			);
			path = MovieApp;
			sourceTree = "<group>";
		};
		47D342F528DE3EF60000B72B /* Network */ = {
			isa = PBXGroup;
			children = (
				47D342FB28DE3F960000B72B /* Core */,
				47D342FC28DE3F9A0000B72B /* Home */,
			);
			path = Network;
			sourceTree = "<group>";
		};
		47D342F628DE3EFC0000B72B /* Helper */ = {
			isa = PBXGroup;
			children = (
				47D3430728DE40110000B72B /* Font */,
				47D3431A28DE40430000B72B /* Extension */,
				47D3431B28DE40890000B72B /* Fonts.swift */,
				47D3431C28DE408A0000B72B /* NibReuseProtocol.swift */,
				47D3431F28DE40A90000B72B /* AlertViewHelper.swift */,
				47CB03F628FAF79800193A54 /* GenreHandler.swift */,
			);
			path = Helper;
			sourceTree = "<group>";
		};
		47D342F728DE3F0E0000B72B /* Scene */ = {
			isa = PBXGroup;
			children = (
				470FAE8028E97DF900E064D9 /* TabBar.swift */,
				47D342F828DE3F220000B72B /* Home */,
				47D342F928DE3F270000B72B /* Search */,
				47D342FA28DE3F2C0000B72B /* Favorite */,
			);
			path = Scene;
			sourceTree = "<group>";
		};
		47D342F828DE3F220000B72B /* Home */ = {
			isa = PBXGroup;
			children = (
				47D3432428DE41060000B72B /* HomeCoordinator.swift */,
				47D3430028DE3FAF0000B72B /* Model */,
				47D342FF28DE3FAD0000B72B /* View */,
				47D342FE28DE3FA90000B72B /* ViewModel */,
			);
			path = Home;
			sourceTree = "<group>";
		};
		47D342F928DE3F270000B72B /* Search */ = {
			isa = PBXGroup;
			children = (
				470FAE8228E97EB800E064D9 /* SearchController.swift */,
			);
			path = Search;
			sourceTree = "<group>";
		};
		47D342FA28DE3F2C0000B72B /* Favorite */ = {
			isa = PBXGroup;
			children = (
				470FAE8428E97EC200E064D9 /* FavoriteController.swift */,
			);
			path = Favorite;
			sourceTree = "<group>";
		};
		47D342FB28DE3F960000B72B /* Core */ = {
			isa = PBXGroup;
			children = (
				47C4B96E28DF0125002E1E52 /* NetworkHelper.swift */,
				47C4B97028DF0495002E1E52 /* NetworkManager.swift */,
			);
			path = Core;
			sourceTree = "<group>";
		};
		47D342FC28DE3F9A0000B72B /* Home */ = {
			isa = PBXGroup;
			children = (
				47C4B97228DF0C9B002E1E52 /* HomeHelper.swift */,
				47C4B97428DF0CA2002E1E52 /* HomeManager.swift */,
			);
			path = Home;
			sourceTree = "<group>";
		};
		47D342FE28DE3FA90000B72B /* ViewModel */ = {
			isa = PBXGroup;
			children = (
				47D3430328DE3FCB0000B72B /* HomeViewModel.swift */,
			);
			path = ViewModel;
			sourceTree = "<group>";
		};
		47D342FF28DE3FAD0000B72B /* View */ = {
			isa = PBXGroup;
			children = (
				470FAE8628E9828000E064D9 /* Cells */,
				47D3430128DE3FBD0000B72B /* HomeController.swift */,
			);
			path = View;
			sourceTree = "<group>";
		};
		47D3430028DE3FAF0000B72B /* Model */ = {
			isa = PBXGroup;
			children = (
				47D3430528DE3FE40000B72B /* Movie.swift */,
				47CB03F428FAE27400193A54 /* Genre.swift */,
			);
			path = Model;
			sourceTree = "<group>";
		};
		47D3430728DE40110000B72B /* Font */ = {
			isa = PBXGroup;
			children = (
				47D3430828DE40110000B72B /* Inter-Medium.ttf */,
				47D3430928DE40110000B72B /* Inter-Bold.ttf */,
				47D3430A28DE40110000B72B /* Inter-Regular.ttf */,
				47D3430B28DE40110000B72B /* Inter-ExtraBold.ttf */,
				47D3430C28DE40110000B72B /* Inter-Black.ttf */,
				47D3430D28DE40110000B72B /* Inter-SemiBold.ttf */,
			);
			path = Font;
			sourceTree = "<group>";
		};
		47D3431A28DE40430000B72B /* Extension */ = {
			isa = PBXGroup;
			children = (
				47D3431428DE403E0000B72B /* UICollectionView+Extension.swift */,
				47D3431528DE403E0000B72B /* UITableView+Extension.swift */,
				47D3431628DE403E0000B72B /* UIViewController+Extension.swift */,
				47CB03F828FB013A00193A54 /* UIImageView+Extension.swift */,
			);
			path = Extension;
			sourceTree = "<group>";
		};
		47D3432128DE40C80000B72B /* Coordinator */ = {
			isa = PBXGroup;
			children = (
				47D3432228DE40D60000B72B /* Coordinator.swift */,
				47D3432628DE41330000B72B /* Storyboarded.swift */,
			);
			path = Coordinator;
			sourceTree = "<group>";
		};
		7A43DB3338E5DCC8D01F6774 /* Frameworks */ = {
			isa = PBXGroup;
			children = (
				9775BB5F0CB15201A5C25B5D /* Pods_MovieApp.framework */,
			);
			name = Frameworks;
			sourceTree = "<group>";
		};
/* End PBXGroup section */

/* Begin PBXNativeTarget section */
		476B779928DE3B3900E66099 /* MovieApp */ = {
			isa = PBXNativeTarget;
			buildConfigurationList = 476B77AE28DE3B3A00E66099 /* Build configuration list for PBXNativeTarget "MovieApp" */;
			buildPhases = (
				CA77D18CCFC2A3006D8530ED /* [CP] Check Pods Manifest.lock */,
				476B779628DE3B3900E66099 /* Sources */,
				476B779728DE3B3900E66099 /* Frameworks */,
				476B779828DE3B3900E66099 /* Resources */,
				13E7D667453431CB950631EE /* [CP] Embed Pods Frameworks */,
			);
			buildRules = (
			);
			dependencies = (
			);
			name = MovieApp;
			productName = MovieApp;
			productReference = 476B779A28DE3B3900E66099 /* MovieApp.app */;
			productType = "com.apple.product-type.application";
		};
/* End PBXNativeTarget section */

/* Begin PBXProject section */
		476B779228DE3B3900E66099 /* Project object */ = {
			isa = PBXProject;
			attributes = {
				BuildIndependentTargetsInParallel = 1;
				LastSwiftUpdateCheck = 1300;
				LastUpgradeCheck = 1300;
				TargetAttributes = {
					476B779928DE3B3900E66099 = {
						CreatedOnToolsVersion = 13.0;
					};
				};
			};
			buildConfigurationList = 476B779528DE3B3900E66099 /* Build configuration list for PBXProject "MovieApp" */;
			compatibilityVersion = "Xcode 13.0";
			developmentRegion = en;
			hasScannedForEncodings = 0;
			knownRegions = (
				en,
				Base,
			);
			mainGroup = 476B779128DE3B3900E66099;
			productRefGroup = 476B779B28DE3B3900E66099 /* Products */;
			projectDirPath = "";
			projectRoot = "";
			targets = (
				476B779928DE3B3900E66099 /* MovieApp */,
			);
		};
/* End PBXProject section */

/* Begin PBXResourcesBuildPhase section */
		476B779828DE3B3900E66099 /* Resources */ = {
			isa = PBXResourcesBuildPhase;
			buildActionMask = 2147483647;
			files = (
				47D3430E28DE40110000B72B /* Inter-Medium.ttf in Resources */,
				47D3430F28DE40110000B72B /* Inter-Bold.ttf in Resources */,
				47E8BDC828F326E800254120 /* Colors.xcassets in Resources */,
				476B77AA28DE3B3A00E66099 /* LaunchScreen.storyboard in Resources */,
				47D3431328DE40110000B72B /* Inter-SemiBold.ttf in Resources */,
				47D3431128DE40110000B72B /* Inter-ExtraBold.ttf in Resources */,
				476B77A728DE3B3A00E66099 /* Assets.xcassets in Resources */,
				47D3431028DE40110000B72B /* Inter-Regular.ttf in Resources */,
				47CB03F328FAD2F900193A54 /* LabelCollectionCell.xib in Resources */,
				476B77A528DE3B3900E66099 /* Main.storyboard in Resources */,
				470FAE8A28E982B100E064D9 /* HorizontalMovieCell.xib in Resources */,
				47D3431228DE40110000B72B /* Inter-Black.ttf in Resources */,
			);
			runOnlyForDeploymentPostprocessing = 0;
		};
/* End PBXResourcesBuildPhase section */

/* Begin PBXShellScriptBuildPhase section */
		13E7D667453431CB950631EE /* [CP] Embed Pods Frameworks */ = {
			isa = PBXShellScriptBuildPhase;
			buildActionMask = 2147483647;
			files = (
			);
			inputFileListPaths = (
				"${PODS_ROOT}/Target Support Files/Pods-MovieApp/Pods-MovieApp-frameworks-${CONFIGURATION}-input-files.xcfilelist",
			);
			name = "[CP] Embed Pods Frameworks";
			outputFileListPaths = (
				"${PODS_ROOT}/Target Support Files/Pods-MovieApp/Pods-MovieApp-frameworks-${CONFIGURATION}-output-files.xcfilelist",
			);
			runOnlyForDeploymentPostprocessing = 0;
			shellPath = /bin/sh;
			shellScript = "\"${PODS_ROOT}/Target Support Files/Pods-MovieApp/Pods-MovieApp-frameworks.sh\"\n";
			showEnvVarsInLog = 0;
		};
		CA77D18CCFC2A3006D8530ED /* [CP] Check Pods Manifest.lock */ = {
			isa = PBXShellScriptBuildPhase;
			buildActionMask = 2147483647;
			files = (
			);
			inputFileListPaths = (
			);
			inputPaths = (
				"${PODS_PODFILE_DIR_PATH}/Podfile.lock",
				"${PODS_ROOT}/Manifest.lock",
			);
			name = "[CP] Check Pods Manifest.lock";
			outputFileListPaths = (
			);
			outputPaths = (
				"$(DERIVED_FILE_DIR)/Pods-MovieApp-checkManifestLockResult.txt",
			);
			runOnlyForDeploymentPostprocessing = 0;
			shellPath = /bin/sh;
			shellScript = "diff \"${PODS_PODFILE_DIR_PATH}/Podfile.lock\" \"${PODS_ROOT}/Manifest.lock\" > /dev/null\nif [ $? != 0 ] ; then\n    # print error to STDERR\n    echo \"error: The sandbox is not in sync with the Podfile.lock. Run 'pod install' or update your CocoaPods installation.\" >&2\n    exit 1\nfi\n# This output is used by Xcode 'outputs' to avoid re-running this script phase.\necho \"SUCCESS\" > \"${SCRIPT_OUTPUT_FILE_0}\"\n";
			showEnvVarsInLog = 0;
		};
/* End PBXShellScriptBuildPhase section */

/* Begin PBXSourcesBuildPhase section */
		476B779628DE3B3900E66099 /* Sources */ = {
			isa = PBXSourcesBuildPhase;
			buildActionMask = 2147483647;
			files = (
				47C4B96F28DF0125002E1E52 /* NetworkHelper.swift in Sources */,
				47D3431D28DE408A0000B72B /* Fonts.swift in Sources */,
				47CB03F528FAE27400193A54 /* Genre.swift in Sources */,
				470FAE8328E97EB800E064D9 /* SearchController.swift in Sources */,
				47CB03F728FAF79800193A54 /* GenreHandler.swift in Sources */,
				47D3431E28DE408A0000B72B /* NibReuseProtocol.swift in Sources */,
				47C4B97528DF0CA2002E1E52 /* HomeManager.swift in Sources */,
				47D3430228DE3FBD0000B72B /* HomeController.swift in Sources */,
				47C4B97328DF0C9B002E1E52 /* HomeHelper.swift in Sources */,
				47D3431728DE403E0000B72B /* UICollectionView+Extension.swift in Sources */,
				47CB03F928FB013A00193A54 /* UIImageView+Extension.swift in Sources */,
				47D3430428DE3FCB0000B72B /* HomeViewModel.swift in Sources */,
				470FAE8928E982B100E064D9 /* HorizontalMovieCell.swift in Sources */,
				47D3432728DE41330000B72B /* Storyboarded.swift in Sources */,
				470FAE8128E97DF900E064D9 /* TabBar.swift in Sources */,
				47D3432528DE41060000B72B /* HomeCoordinator.swift in Sources */,
				47D3430628DE3FE40000B72B /* Movie.swift in Sources */,
				47CB03F228FAD2F900193A54 /* LabelCollectionCell.swift in Sources */,
				47D3432328DE40D60000B72B /* Coordinator.swift in Sources */,
				47D3431928DE403E0000B72B /* UIViewController+Extension.swift in Sources */,
				470FAE8528E97EC200E064D9 /* FavoriteController.swift in Sources */,
				47D3432028DE40A90000B72B /* AlertViewHelper.swift in Sources */,
				47C4B97128DF0496002E1E52 /* NetworkManager.swift in Sources */,
				476B779E28DE3B3900E66099 /* AppDelegate.swift in Sources */,
				47D3431828DE403E0000B72B /* UITableView+Extension.swift in Sources */,
			);
			runOnlyForDeploymentPostprocessing = 0;
		};
/* End PBXSourcesBuildPhase section */

/* Begin PBXVariantGroup section */
		476B77A328DE3B3900E66099 /* Main.storyboard */ = {
			isa = PBXVariantGroup;
			children = (
				476B77A428DE3B3900E66099 /* Base */,
			);
			name = Main.storyboard;
			sourceTree = "<group>";
		};
		476B77A828DE3B3A00E66099 /* LaunchScreen.storyboard */ = {
			isa = PBXVariantGroup;
			children = (
				476B77A928DE3B3A00E66099 /* Base */,
			);
			name = LaunchScreen.storyboard;
			sourceTree = "<group>";
		};
/* End PBXVariantGroup section */

/* Begin XCBuildConfiguration section */
		476B77AC28DE3B3A00E66099 /* Debug */ = {
			isa = XCBuildConfiguration;
			buildSettings = {
				ALWAYS_SEARCH_USER_PATHS = NO;
				CLANG_ANALYZER_NONNULL = YES;
				CLANG_ANALYZER_NUMBER_OBJECT_CONVERSION = YES_AGGRESSIVE;
				CLANG_CXX_LANGUAGE_STANDARD = "gnu++17";
				CLANG_CXX_LIBRARY = "libc++";
				CLANG_ENABLE_MODULES = YES;
				CLANG_ENABLE_OBJC_ARC = YES;
				CLANG_ENABLE_OBJC_WEAK = YES;
				CLANG_WARN_BLOCK_CAPTURE_AUTORELEASING = YES;
				CLANG_WARN_BOOL_CONVERSION = YES;
				CLANG_WARN_COMMA = YES;
				CLANG_WARN_CONSTANT_CONVERSION = YES;
				CLANG_WARN_DEPRECATED_OBJC_IMPLEMENTATIONS = YES;
				CLANG_WARN_DIRECT_OBJC_ISA_USAGE = YES_ERROR;
				CLANG_WARN_DOCUMENTATION_COMMENTS = YES;
				CLANG_WARN_EMPTY_BODY = YES;
				CLANG_WARN_ENUM_CONVERSION = YES;
				CLANG_WARN_INFINITE_RECURSION = YES;
				CLANG_WARN_INT_CONVERSION = YES;
				CLANG_WARN_NON_LITERAL_NULL_CONVERSION = YES;
				CLANG_WARN_OBJC_IMPLICIT_RETAIN_SELF = YES;
				CLANG_WARN_OBJC_LITERAL_CONVERSION = YES;
				CLANG_WARN_OBJC_ROOT_CLASS = YES_ERROR;
				CLANG_WARN_QUOTED_INCLUDE_IN_FRAMEWORK_HEADER = YES;
				CLANG_WARN_RANGE_LOOP_ANALYSIS = YES;
				CLANG_WARN_STRICT_PROTOTYPES = YES;
				CLANG_WARN_SUSPICIOUS_MOVE = YES;
				CLANG_WARN_UNGUARDED_AVAILABILITY = YES_AGGRESSIVE;
				CLANG_WARN_UNREACHABLE_CODE = YES;
				CLANG_WARN__DUPLICATE_METHOD_MATCH = YES;
				COPY_PHASE_STRIP = NO;
				DEBUG_INFORMATION_FORMAT = dwarf;
				ENABLE_STRICT_OBJC_MSGSEND = YES;
				ENABLE_TESTABILITY = YES;
				GCC_C_LANGUAGE_STANDARD = gnu11;
				GCC_DYNAMIC_NO_PIC = NO;
				GCC_NO_COMMON_BLOCKS = YES;
				GCC_OPTIMIZATION_LEVEL = 0;
				GCC_PREPROCESSOR_DEFINITIONS = (
					"DEBUG=1",
					"$(inherited)",
				);
				GCC_WARN_64_TO_32_BIT_CONVERSION = YES;
				GCC_WARN_ABOUT_RETURN_TYPE = YES_ERROR;
				GCC_WARN_UNDECLARED_SELECTOR = YES;
				GCC_WARN_UNINITIALIZED_AUTOS = YES_AGGRESSIVE;
				GCC_WARN_UNUSED_FUNCTION = YES;
				GCC_WARN_UNUSED_VARIABLE = YES;
				IPHONEOS_DEPLOYMENT_TARGET = 15.0;
				MTL_ENABLE_DEBUG_INFO = INCLUDE_SOURCE;
				MTL_FAST_MATH = YES;
				ONLY_ACTIVE_ARCH = YES;
				SDKROOT = iphoneos;
				SWIFT_ACTIVE_COMPILATION_CONDITIONS = DEBUG;
				SWIFT_OPTIMIZATION_LEVEL = "-Onone";
			};
			name = Debug;
		};
		476B77AD28DE3B3A00E66099 /* Release */ = {
			isa = XCBuildConfiguration;
			buildSettings = {
				ALWAYS_SEARCH_USER_PATHS = NO;
				CLANG_ANALYZER_NONNULL = YES;
				CLANG_ANALYZER_NUMBER_OBJECT_CONVERSION = YES_AGGRESSIVE;
				CLANG_CXX_LANGUAGE_STANDARD = "gnu++17";
				CLANG_CXX_LIBRARY = "libc++";
				CLANG_ENABLE_MODULES = YES;
				CLANG_ENABLE_OBJC_ARC = YES;
				CLANG_ENABLE_OBJC_WEAK = YES;
				CLANG_WARN_BLOCK_CAPTURE_AUTORELEASING = YES;
				CLANG_WARN_BOOL_CONVERSION = YES;
				CLANG_WARN_COMMA = YES;
				CLANG_WARN_CONSTANT_CONVERSION = YES;
				CLANG_WARN_DEPRECATED_OBJC_IMPLEMENTATIONS = YES;
				CLANG_WARN_DIRECT_OBJC_ISA_USAGE = YES_ERROR;
				CLANG_WARN_DOCUMENTATION_COMMENTS = YES;
				CLANG_WARN_EMPTY_BODY = YES;
				CLANG_WARN_ENUM_CONVERSION = YES;
				CLANG_WARN_INFINITE_RECURSION = YES;
				CLANG_WARN_INT_CONVERSION = YES;
				CLANG_WARN_NON_LITERAL_NULL_CONVERSION = YES;
				CLANG_WARN_OBJC_IMPLICIT_RETAIN_SELF = YES;
				CLANG_WARN_OBJC_LITERAL_CONVERSION = YES;
				CLANG_WARN_OBJC_ROOT_CLASS = YES_ERROR;
				CLANG_WARN_QUOTED_INCLUDE_IN_FRAMEWORK_HEADER = YES;
				CLANG_WARN_RANGE_LOOP_ANALYSIS = YES;
				CLANG_WARN_STRICT_PROTOTYPES = YES;
				CLANG_WARN_SUSPICIOUS_MOVE = YES;
				CLANG_WARN_UNGUARDED_AVAILABILITY = YES_AGGRESSIVE;
				CLANG_WARN_UNREACHABLE_CODE = YES;
				CLANG_WARN__DUPLICATE_METHOD_MATCH = YES;
				COPY_PHASE_STRIP = NO;
				DEBUG_INFORMATION_FORMAT = "dwarf-with-dsym";
				ENABLE_NS_ASSERTIONS = NO;
				ENABLE_STRICT_OBJC_MSGSEND = YES;
				GCC_C_LANGUAGE_STANDARD = gnu11;
				GCC_NO_COMMON_BLOCKS = YES;
				GCC_WARN_64_TO_32_BIT_CONVERSION = YES;
				GCC_WARN_ABOUT_RETURN_TYPE = YES_ERROR;
				GCC_WARN_UNDECLARED_SELECTOR = YES;
				GCC_WARN_UNINITIALIZED_AUTOS = YES_AGGRESSIVE;
				GCC_WARN_UNUSED_FUNCTION = YES;
				GCC_WARN_UNUSED_VARIABLE = YES;
				IPHONEOS_DEPLOYMENT_TARGET = 15.0;
				MTL_ENABLE_DEBUG_INFO = NO;
				MTL_FAST_MATH = YES;
				SDKROOT = iphoneos;
				SWIFT_COMPILATION_MODE = wholemodule;
				SWIFT_OPTIMIZATION_LEVEL = "-O";
				VALIDATE_PRODUCT = YES;
			};
			name = Release;
		};
		476B77AF28DE3B3A00E66099 /* Debug */ = {
			isa = XCBuildConfiguration;
			baseConfigurationReference = 76F5ACBA3812D7B84D448BDB /* Pods-MovieApp.debug.xcconfig */;
			buildSettings = {
				ASSETCATALOG_COMPILER_APPICON_NAME = AppIcon;
				ASSETCATALOG_COMPILER_GLOBAL_ACCENT_COLOR_NAME = AccentColor;
				CODE_SIGN_STYLE = Automatic;
				CURRENT_PROJECT_VERSION = 1;
				DEVELOPMENT_TEAM = 9TDEENMMAL;
				GENERATE_INFOPLIST_FILE = YES;
				INFOPLIST_FILE = MovieApp/Info.plist;
				INFOPLIST_KEY_UIApplicationSupportsIndirectInputEvents = YES;
				INFOPLIST_KEY_UILaunchStoryboardName = LaunchScreen;
				INFOPLIST_KEY_UIMainStoryboardFile = Main;
				INFOPLIST_KEY_UISupportedInterfaceOrientations_iPad = "UIInterfaceOrientationPortrait UIInterfaceOrientationPortraitUpsideDown UIInterfaceOrientationLandscapeLeft UIInterfaceOrientationLandscapeRight";
				INFOPLIST_KEY_UISupportedInterfaceOrientations_iPhone = "UIInterfaceOrientationPortrait UIInterfaceOrientationLandscapeLeft UIInterfaceOrientationLandscapeRight";
				IPHONEOS_DEPLOYMENT_TARGET = 13.0;
				LD_RUNPATH_SEARCH_PATHS = (
					"$(inherited)",
					"@executable_path/Frameworks",
				);
				MARKETING_VERSION = 1.0;
				PRODUCT_BUNDLE_IDENTIFIER = com.shamkhal.MovieApp;
				PRODUCT_NAME = "$(TARGET_NAME)";
				SWIFT_EMIT_LOC_STRINGS = YES;
				SWIFT_VERSION = 5.0;
				TARGETED_DEVICE_FAMILY = "1,2";
			};
			name = Debug;
		};
		476B77B028DE3B3A00E66099 /* Release */ = {
			isa = XCBuildConfiguration;
			baseConfigurationReference = 7D8E4FFFF7D061C757C7BB0B /* Pods-MovieApp.release.xcconfig */;
			buildSettings = {
				ASSETCATALOG_COMPILER_APPICON_NAME = AppIcon;
				ASSETCATALOG_COMPILER_GLOBAL_ACCENT_COLOR_NAME = AccentColor;
				CODE_SIGN_STYLE = Automatic;
				CURRENT_PROJECT_VERSION = 1;
				DEVELOPMENT_TEAM = 9TDEENMMAL;
				GENERATE_INFOPLIST_FILE = YES;
				INFOPLIST_FILE = MovieApp/Info.plist;
				INFOPLIST_KEY_UIApplicationSupportsIndirectInputEvents = YES;
				INFOPLIST_KEY_UILaunchStoryboardName = LaunchScreen;
				INFOPLIST_KEY_UIMainStoryboardFile = Main;
				INFOPLIST_KEY_UISupportedInterfaceOrientations_iPad = "UIInterfaceOrientationPortrait UIInterfaceOrientationPortraitUpsideDown UIInterfaceOrientationLandscapeLeft UIInterfaceOrientationLandscapeRight";
				INFOPLIST_KEY_UISupportedInterfaceOrientations_iPhone = "UIInterfaceOrientationPortrait UIInterfaceOrientationLandscapeLeft UIInterfaceOrientationLandscapeRight";
				IPHONEOS_DEPLOYMENT_TARGET = 13.0;
				LD_RUNPATH_SEARCH_PATHS = (
					"$(inherited)",
					"@executable_path/Frameworks",
				);
				MARKETING_VERSION = 1.0;
				PRODUCT_BUNDLE_IDENTIFIER = com.shamkhal.MovieApp;
				PRODUCT_NAME = "$(TARGET_NAME)";
				SWIFT_EMIT_LOC_STRINGS = YES;
				SWIFT_VERSION = 5.0;
				TARGETED_DEVICE_FAMILY = "1,2";
			};
			name = Release;
		};
/* End XCBuildConfiguration section */

/* Begin XCConfigurationList section */
		476B779528DE3B3900E66099 /* Build configuration list for PBXProject "MovieApp" */ = {
			isa = XCConfigurationList;
			buildConfigurations = (
				476B77AC28DE3B3A00E66099 /* Debug */,
				476B77AD28DE3B3A00E66099 /* Release */,
			);
			defaultConfigurationIsVisible = 0;
			defaultConfigurationName = Release;
		};
		476B77AE28DE3B3A00E66099 /* Build configuration list for PBXNativeTarget "MovieApp" */ = {
			isa = XCConfigurationList;
			buildConfigurations = (
				476B77AF28DE3B3A00E66099 /* Debug */,
				476B77B028DE3B3A00E66099 /* Release */,
			);
			defaultConfigurationIsVisible = 0;
			defaultConfigurationName = Release;
		};
/* End XCConfigurationList section */
	};
	rootObject = 476B779228DE3B3900E66099 /* Project object */;
}
